// !$*UTF8*$!
{
	archiveVersion = 1;
	classes = {
	};
	objectVersion = 46;
	objects = {

/* Begin PBXGroup section */
		ED8211021EB8FF3E00BE0C61 = {
			isa = PBXGroup;
			children = (
			);
			sourceTree = "<group>";
		};
/* End PBXGroup section */

/* Begin PBXProject section */
		ED8211031EB8FF3E00BE0C61 /* Project object */ = {
			isa = PBXProject;
			attributes = {
				LastUpgradeCheck = 0830;
			};
			buildConfigurationList = ED8211061EB8FF3E00BE0C61 /* Build configuration list for PBXProject "BookNet Project" */;
			compatibilityVersion = "Xcode 3.2";
			developmentRegion = English;
			hasScannedForEncodings = 0;
			knownRegions = (
				en,
			);
			mainGroup = ED8211021EB8FF3E00BE0C61;
			projectDirPath = "";
			projectRoot = "";
			targets = (
			);
		};
/* End PBXProject section */

/* Begin XCBuildConfiguration section */
		ED8211071EB8FF3E00BE0C61 /* Debug */ = {
			isa = XCBuildConfiguration;
			buildSettings = {
			};
			name = Debug;
		};
		ED8211081EB8FF3E00BE0C61 /* Release */ = {
			isa = XCBuildConfiguration;
			buildSettings = {
			};
			name = Release;
		};
/* End XCBuildConfiguration section */

/* Begin XCConfigurationList section */
		ED8211061EB8FF3E00BE0C61 /* Build configuration list for PBXProject "BookNet Project" */ = {
			isa = XCConfigurationList;
			buildConfigurations = (
				ED8211071EB8FF3E00BE0C61 /* Debug */,
				ED8211081EB8FF3E00BE0C61 /* Release */,
			);
			defaultConfigurationIsVisible = 0;
			defaultConfigurationName = Release;
		};
/* End XCConfigurationList section */
	};
	rootObject = ED8211031EB8FF3E00BE0C61 /* Project object */;
}
